{
  "originHash" : "9599e86e774e5385643b265c09e69249554bccc3953f829a8591ab6ac0ff8c7e",
  "pins" : [
    {
      "identity" : "swift-argument-parser",
      "kind" : "remoteSourceControl",
      "location" : "https://github.com/apple/swift-argument-parser.git",
      "state" : {
        "revision" : "0fbc8848e389af3bb55c182bc19ca9d5dc2f255b",
        "version" : "1.4.0"
      }
    },
    {
      "identity" : "swift-syntax",
      "kind" : "remoteSourceControl",
      "location" : "https://github.com/apple/swift-syntax.git",
      "state" : {
        "branch" : "main",
        "revision" : "ebab3ea012a074dc89637fdf82d967fc6ccf9c57"
      }
    }
  ],
  "version" : 3
}
