version = 1
requires-python = ">=3.12"

[[package]]
name = "ftl"
version = "0.1.0"
source = { editable = "." }
dependencies = [
    { name = "protobuf" },
]

[package.metadata]
requires-dist = [{ name = "protobuf", specifier = ">=5.29.1" }]

[[package]]
name = "protobuf"
version = "5.29.1"
source = { registry = "https://pypi.org/simple" }
sdist = { url = "https://files.pythonhosted.org/packages/d2/4f/1639b7b1633d8fd55f216ba01e21bf2c43384ab25ef3ddb35d85a52033e8/protobuf-5.29.1.tar.gz", hash = "sha256:683be02ca21a6ffe80db6dd02c0b5b2892322c59ca57fd6c872d652cb80549cb", size = 424965 }
wheels = [
    { url = "https://files.pythonhosted.org/packages/50/c7/28669b04691a376cf7d0617d612f126aa0fff763d57df0142f9bf474c5b8/protobuf-5.29.1-cp310-abi3-win32.whl", hash = "sha256:22c1f539024241ee545cbcb00ee160ad1877975690b16656ff87dde107b5f110", size = 422706 },
    { url = "https://files.pythonhosted.org/packages/e3/33/dc7a7712f457456b7e0b16420ab8ba1cc8686751d3f28392eb43d0029ab9/protobuf-5.29.1-cp310-abi3-win_amd64.whl", hash = "sha256:1fc55267f086dd4050d18ef839d7bd69300d0d08c2a53ca7df3920cc271a3c34", size = 434505 },
    { url = "https://files.pythonhosted.org/packages/e5/39/44239fb1c6ec557e1731d996a5de89a9eb1ada7a92491fcf9c5d714052ed/protobuf-5.29.1-cp38-abi3-macosx_10_9_universal2.whl", hash = "sha256:d473655e29c0c4bbf8b69e9a8fb54645bc289dead6d753b952e7aa660254ae18", size = 417822 },
    { url = "https://files.pythonhosted.org/packages/fb/4a/ec56f101d38d4bef2959a9750209809242d86cf8b897db00f2f98bfa360e/protobuf-5.29.1-cp38-abi3-manylinux2014_aarch64.whl", hash = "sha256:b5ba1d0e4c8a40ae0496d0e2ecfdbb82e1776928a205106d14ad6985a09ec155", size = 319572 },
    { url = "https://files.pythonhosted.org/packages/04/52/c97c58a33b3d6c89a8138788576d372a90a6556f354799971c6b4d16d871/protobuf-5.29.1-cp38-abi3-manylinux2014_x86_64.whl", hash = "sha256:8ee1461b3af56145aca2800e6a3e2f928108c749ba8feccc6f5dd0062c410c0d", size = 319671 },
    { url = "https://files.pythonhosted.org/packages/3b/24/c8c49df8f6587719e1d400109b16c10c6902d0c9adddc8fff82840146f99/protobuf-5.29.1-py3-none-any.whl", hash = "sha256:32600ddb9c2a53dedc25b8581ea0f1fd8ea04956373c0c07577ce58d312522e0", size = 172547 },
]
