github.com/alecthomas/assert/v2 v2.3.0 h1:mAsH2wmvjsuvyBvAmCtm7zFsBlb8mIHx5ySLVdDZXL0=
github.com/alecthomas/errors v0.3.0 h1:ccEaE2WPoJcei4/j+AL/Je56PHbknO2cmNEljql8tTo=
github.com/alecthomas/errors v0.3.0/go.mod h1:0DQf6/xQp3f9rv+k72g2NmeTW2lC74kXA6b/8dN9BwY=
github.com/alecthomas/repr v0.2.0 h1:HAzS41CIzNW5syS8Mf9UwXhNH1J9aix/BvDRf1Ml2Yk=
github.com/hexops/gotextdiff v1.0.3 h1:gitA9+qJrrTCsiCl7+kh75nPqQt1cx4ZkudSTLoUqJM=
