dependencies:
- name: postgresql
  repository: oci://registry-1.docker.io/bitnamicharts
  version: 16.0.5
- name: harbor
  repository: https://helm.goharbor.io
  version: 1.15.1
digest: sha256:008a99e4620dc14a804b213adbed01d8bb346ff20e7473ef4bfb0d0cb38d4c39
generated: "2024-10-23T02:15:19.350427155Z"
